{
  "requires": true,
  "lockfileVersion": 1,
  "dependencies": {
    "colors": {
      "version": "1.4.0",
      "resolved": "https://registry.npmjs.org/colors/-/colors-1.4.0.tgz",
      "integrity": "sha512-a+UqTh4kgZg/SlGvfbzDHpgRu7AAQOmmqRHJnxhRZICKFUT91brVhNNt58CMWU9PsBbv3PDCZUHbVxuDiH2mtA=="
    },
    "commander": {
      "version": "2.20.3",
      "resolved": "https://registry.npmjs.org/commander/-/commander-2.20.3.tgz",
      "integrity": "sha512-GpVkmM8vF2vQUkj2LvZmD35JxeJOLCwJ9cUkugyk2nuhbv3+mJvpLYYt+0+USMxE+oj+ey/lJEnhZw75x/OMcQ=="
    },
    "http.min": {
      "version": "2.0.1",
      "resolved": "https://registry.npmjs.org/http.min/-/http.min-2.0.1.tgz",
      "integrity": "sha512-zNq+nEkGpIh+DcIcqhCWo204+Mj7d7eNgg/6r2DxgD47sU6W2En8TvOFgbooBL9ciljnvdSnE0Zv/N/XLQ/Rxw=="
    },
    "xbox-on": {
      "version": "0.0.10",
      "resolved": "https://registry.npmjs.org/xbox-on/-/xbox-on-0.0.10.tgz",
      "integrity": "sha1-N8EhaP5tWKfJug3w6D/PQtmrmhs=",
      "requires": {
        "colors": "^1.1.2",
        "commander": "^2.9.0"
      }
    }
  }
}
